
Microsoft Visual Studio Solution File, Format Version 12.00
# Visual Studio Version 17
VisualStudioVersion = 17.5.33502.453
MinimumVisualStudioVersion = 10.0.40219.1
Project("{FAE04EC0-301F-11D3-BF4B-00C04F79EFBC}") = "ContactManager", "ContactManager\ContactManager.csproj", "{C1D177CC-15A9-4129-9C5A-CE53E8C743AB}"
EndProject
Global
	GlobalSection(SolutionConfigurationPlatforms) = preSolution
		Debug|Any CPU = Debug|Any CPU
		Release|Any CPU = Release|Any CPU
	EndGlobalSection
	GlobalSection(ProjectConfigurationPlatforms) = postSolution
		{C1D177CC-15A9-4129-9C5A-CE53E8C743AB}.Debug|Any CPU.ActiveCfg = Debug|Any CPU
		{C1D177CC-15A9-4129-9C5A-CE53E8C743AB}.Debug|Any CPU.Build.0 = Debug|Any CPU
		{C1D177CC-15A9-4129-9C5A-CE53E8C743AB}.Release|Any CPU.ActiveCfg = Release|Any CPU
		{C1D177CC-15A9-4129-9C5A-CE53E8C743AB}.Release|Any CPU.Build.0 = Release|Any CPU
	EndGlobalSection
	GlobalSection(SolutionProperties) = preSolution
		HideSolutionNode = FALSE
	EndGlobalSection
	GlobalSection(ExtensibilityGlobals) = postSolution
		SolutionGuid = {5E85DEC3-3D63-4FED-BF67-F1C6224723C9}
	EndGlobalSection
EndGlobal
